
Microsoft Visual Studio Solution File, Format Version 12.00
# Visual Studio 15
VisualStudioVersion = 15.0.28307.106
MinimumVisualStudioVersion = 10.0.40219.1
Project("{FAE04EC0-301F-11D3-BF4B-00C04F79EFBC}") = "report", "report\report.csproj", "{1C3E2FBA-DE9D-4D12-86CC-6B9563413BBA}"
EndProject
Project("{54435603-DBB4-11D2-8724-00A0C9A8B90C}") = "SetupReport", "SetupReport\SetupReport.vdproj", "{27229DF6-EA2F-46F2-840C-083F7ABFD6EC}"
EndProject
Global
	GlobalSection(SolutionConfigurationPlatforms) = preSolution
		Debug|Any CPU = Debug|Any CPU
		Release|Any CPU = Release|Any CPU
	EndGlobalSection
	GlobalSection(ProjectConfigurationPlatforms) = postSolution
		{1C3E2FBA-DE9D-4D12-86CC-6B9563413BBA}.Debug|Any CPU.ActiveCfg = Debug|Any CPU
		{1C3E2FBA-DE9D-4D12-86CC-6B9563413BBA}.Debug|Any CPU.Build.0 = Debug|Any CPU
		{1C3E2FBA-DE9D-4D12-86CC-6B9563413BBA}.Release|Any CPU.ActiveCfg = Release|Any CPU
		{1C3E2FBA-DE9D-4D12-86CC-6B9563413BBA}.Release|Any CPU.Build.0 = Release|Any CPU
		{27229DF6-EA2F-46F2-840C-083F7ABFD6EC}.Debug|Any CPU.ActiveCfg = Debug
		{27229DF6-EA2F-46F2-840C-083F7ABFD6EC}.Release|Any CPU.ActiveCfg = Release
	EndGlobalSection
	GlobalSection(SolutionProperties) = preSolution
		HideSolutionNode = FALSE
	EndGlobalSection
	GlobalSection(ExtensibilityGlobals) = postSolution
		SolutionGuid = {3B06245B-4651-48CE-9454-29ED5A9A3D8E}
	EndGlobalSection
EndGlobal
